
Microsoft Visual Studio Solution File, Format Version 11.00
# Visual Studio 2010
Project("{FAE04EC0-301F-11D3-BF4B-00C04F79EFBC}") = "HexFrame", "Assembly-CSharp.csproj", "{9C623D0A-02BF-B0E7-CC69-33B9FFAF2BCD}"
EndProject
Project("{FAE04EC0-301F-11D3-BF4B-00C04F79EFBC}") = "HexFrame", "Assembly-CSharp-firstpass.csproj", "{EF45BA93-9C4A-763C-FEC1-7F7B9B87C991}"
EndProject
Project("{FAE04EC0-301F-11D3-BF4B-00C04F79EFBC}") = "HexFrame", "Assembly-CSharp-Editor.csproj", "{854F63C9-EEF0-6A26-9572-06B0C32BC1CA}"
EndProject
Project("{FAE04EC0-301F-11D3-BF4B-00C04F79EFBC}") = "HexFrame", "Assembly-CSharp-Editor-firstpass.csproj", "{EF289BBE-A5D3-DDE9-2DC7-E2428E5A2BCC}"
EndProject
Global
	GlobalSection(SolutionConfigurationPlatforms) = preSolution
		Debug|Any CPU = Debug|Any CPU
		Release|Any CPU = Release|Any CPU
	EndGlobalSection
	GlobalSection(ProjectConfigurationPlatforms) = postSolution
		{9C623D0A-02BF-B0E7-CC69-33B9FFAF2BCD}.Debug|Any CPU.ActiveCfg = Debug|Any CPU
		{9C623D0A-02BF-B0E7-CC69-33B9FFAF2BCD}.Debug|Any CPU.Build.0 = Debug|Any CPU
		{9C623D0A-02BF-B0E7-CC69-33B9FFAF2BCD}.Release|Any CPU.ActiveCfg = Release|Any CPU
		{9C623D0A-02BF-B0E7-CC69-33B9FFAF2BCD}.Release|Any CPU.Build.0 = Release|Any CPU
		{EF45BA93-9C4A-763C-FEC1-7F7B9B87C991}.Debug|Any CPU.ActiveCfg = Debug|Any CPU
		{EF45BA93-9C4A-763C-FEC1-7F7B9B87C991}.Debug|Any CPU.Build.0 = Debug|Any CPU
		{EF45BA93-9C4A-763C-FEC1-7F7B9B87C991}.Release|Any CPU.ActiveCfg = Release|Any CPU
		{EF45BA93-9C4A-763C-FEC1-7F7B9B87C991}.Release|Any CPU.Build.0 = Release|Any CPU
		{854F63C9-EEF0-6A26-9572-06B0C32BC1CA}.Debug|Any CPU.ActiveCfg = Debug|Any CPU
		{854F63C9-EEF0-6A26-9572-06B0C32BC1CA}.Debug|Any CPU.Build.0 = Debug|Any CPU
		{854F63C9-EEF0-6A26-9572-06B0C32BC1CA}.Release|Any CPU.ActiveCfg = Release|Any CPU
		{854F63C9-EEF0-6A26-9572-06B0C32BC1CA}.Release|Any CPU.Build.0 = Release|Any CPU
		{EF289BBE-A5D3-DDE9-2DC7-E2428E5A2BCC}.Debug|Any CPU.ActiveCfg = Debug|Any CPU
		{EF289BBE-A5D3-DDE9-2DC7-E2428E5A2BCC}.Debug|Any CPU.Build.0 = Debug|Any CPU
		{EF289BBE-A5D3-DDE9-2DC7-E2428E5A2BCC}.Release|Any CPU.ActiveCfg = Release|Any CPU
		{EF289BBE-A5D3-DDE9-2DC7-E2428E5A2BCC}.Release|Any CPU.Build.0 = Release|Any CPU
	EndGlobalSection
	GlobalSection(SolutionProperties) = preSolution
		HideSolutionNode = FALSE
	EndGlobalSection
	GlobalSection(MonoDevelopProperties) = preSolution
		StartupItem = Assembly-CSharp.csproj
	EndGlobalSection
EndGlobal
